
Microsoft Visual Studio Solution File, Format Version 12.00
# Visual Studio Version 16
VisualStudioVersion = 16.0.29519.181
MinimumVisualStudioVersion = 10.0.40219.1
Project("{FAE04EC0-301F-11D3-BF4B-00C04F79EFBC}") = "Client", "Client\Client.csproj", "{A5171B65-EE88-4E65-94FB-6EC4BEBA9D42}"
EndProject
Project("{FAE04EC0-301F-11D3-BF4B-00C04F79EFBC}") = "Server", "Server\Server.csproj", "{D936E6BD-6298-4AD2-9360-5BAFB3F5CEB6}"
EndProject
Project("{FAE04EC0-301F-11D3-BF4B-00C04F79EFBC}") = "Core", "Core\Core.csproj", "{FB105CFF-1C7C-4570-BE07-1AFCFCD13891}"
EndProject
Global
	GlobalSection(SolutionConfigurationPlatforms) = preSolution
		Debug|Any CPU = Debug|Any CPU
		Release|Any CPU = Release|Any CPU
	EndGlobalSection
	GlobalSection(ProjectConfigurationPlatforms) = postSolution
		{A5171B65-EE88-4E65-94FB-6EC4BEBA9D42}.Debug|Any CPU.ActiveCfg = Debug|Any CPU
		{A5171B65-EE88-4E65-94FB-6EC4BEBA9D42}.Debug|Any CPU.Build.0 = Debug|Any CPU
		{A5171B65-EE88-4E65-94FB-6EC4BEBA9D42}.Release|Any CPU.ActiveCfg = Release|Any CPU
		{A5171B65-EE88-4E65-94FB-6EC4BEBA9D42}.Release|Any CPU.Build.0 = Release|Any CPU
		{D936E6BD-6298-4AD2-9360-5BAFB3F5CEB6}.Debug|Any CPU.ActiveCfg = Debug|Any CPU
		{D936E6BD-6298-4AD2-9360-5BAFB3F5CEB6}.Debug|Any CPU.Build.0 = Debug|Any CPU
		{D936E6BD-6298-4AD2-9360-5BAFB3F5CEB6}.Release|Any CPU.ActiveCfg = Release|Any CPU
		{D936E6BD-6298-4AD2-9360-5BAFB3F5CEB6}.Release|Any CPU.Build.0 = Release|Any CPU
		{FB105CFF-1C7C-4570-BE07-1AFCFCD13891}.Debug|Any CPU.ActiveCfg = Debug|Any CPU
		{FB105CFF-1C7C-4570-BE07-1AFCFCD13891}.Debug|Any CPU.Build.0 = Debug|Any CPU
		{FB105CFF-1C7C-4570-BE07-1AFCFCD13891}.Release|Any CPU.ActiveCfg = Release|Any CPU
		{FB105CFF-1C7C-4570-BE07-1AFCFCD13891}.Release|Any CPU.Build.0 = Release|Any CPU
	EndGlobalSection
	GlobalSection(SolutionProperties) = preSolution
		HideSolutionNode = FALSE
	EndGlobalSection
	GlobalSection(ExtensibilityGlobals) = postSolution
		SolutionGuid = {8125B603-CE6A-4B0C-968F-553AFC6C5E5F}
	EndGlobalSection
EndGlobal
